
Microsoft Visual Studio Solution File, Format Version 12.00
# Visual Studio Version 17
VisualStudioVersion = 17.14.37203.1
MinimumVisualStudioVersion = 10.0.40219.1
Project("{FAE04EC0-301F-11D3-BF4B-00C04F79EFBC}") = "RetailErp.Pos.API", "RetailErp.Pos.API\RetailErp.Pos.API.csproj", "{812C4CCB-AD21-4F6C-9E08-CF91BF53CF4F}"
EndProject
Project("{FAE04EC0-301F-11D3-BF4B-00C04F79EFBC}") = "RetailErp.Pos.Application", "RetailErp.Pos.Application\RetailErp.Pos.Application.csproj", "{DCBC08F7-4EF8-4755-BB84-25B2CBB091CD}"
EndProject
Project("{FAE04EC0-301F-11D3-BF4B-00C04F79EFBC}") = "RetailErp.Pos.Domain", "RetailErp.Pos.Domain\RetailErp.Pos.Domain.csproj", "{D424EE2D-21FC-4A96-A617-07A4FCBC833A}"
EndProject
Project("{FAE04EC0-301F-11D3-BF4B-00C04F79EFBC}") = "RetailErp.Pos.Infrastructure", "RetailErp.Pos.Infrastructure\RetailErp.Pos.Infrastructure.csproj", "{59DD92A6-428D-457C-BF89-CB3CD2F85866}"
EndProject
Project("{FAE04EC0-301F-11D3-BF4B-00C04F79EFBC}") = "RetailPos.Shared", "RetailPos.Shared\RetailPos.Shared.csproj", "{3EA0CCCB-9988-49AA-9C59-DBFA82B5D59F}"
EndProject
Project("{2150E333-8FDC-42A3-9474-1A3956D46DE8}") = "Solution Items", "Solution Items", "{8EC462FD-D22E-90A8-E5CE-7E832BA40C5D}"
	ProjectSection(SolutionItems) = preProject
		README.md = README.md
	EndProjectSection
EndProject
Project("{2150E333-8FDC-42A3-9474-1A3956D46DE8}") = "docs", "docs", "{02EA681E-C7D8-13C7-8484-4AC65E1B71E8}"
EndProject
Project("{2150E333-8FDC-42A3-9474-1A3956D46DE8}") = "database", "database", "{91D35ADC-289F-4999-B0CC-C65948D08EC7}"
	ProjectSection(SolutionItems) = preProject
		043026-1135_Create_Sales.sql = 043026-1135_Create_Sales.sql
		043026_1133_Create_Product.sql = 043026_1133_Create_Product.sql
		043026_1136_Crate_SaleItems.sql = 043026_1136_Crate_SaleItems.sql
		043026_1137_Create_CentralSales.sql = 043026_1137_Create_CentralSales.sql
	EndProjectSection
EndProject
Project("{2150E333-8FDC-42A3-9474-1A3956D46DE8}") = "src", "src", "{27BC5AF5-4207-4F89-AA4F-DD1215C44FAB}"
EndProject
Project("{2150E333-8FDC-42A3-9474-1A3956D46DE8}") = "Lib", "Lib", "{F21CE8DA-3DAA-4732-8B6B-24C28E2E7D13}"
EndProject
Project("{2150E333-8FDC-42A3-9474-1A3956D46DE8}") = "test", "test", "{1F68C3D0-4E07-4A42-9103-3B7941D28690}"
EndProject
Project("{FAE04EC0-301F-11D3-BF4B-00C04F79EFBC}") = "RetailErp.Pos.Tests", "RetailErp.Pos.Tests\RetailErp.Pos.Tests.csproj", "{A728742F-3AAA-4AC4-B1A5-EAE0C3E55EF7}"
EndProject
Global
	GlobalSection(SolutionConfigurationPlatforms) = preSolution
		Debug|Any CPU = Debug|Any CPU
		Release|Any CPU = Release|Any CPU
	EndGlobalSection
	GlobalSection(ProjectConfigurationPlatforms) = postSolution
		{812C4CCB-AD21-4F6C-9E08-CF91BF53CF4F}.Debug|Any CPU.ActiveCfg = Debug|Any CPU
		{812C4CCB-AD21-4F6C-9E08-CF91BF53CF4F}.Debug|Any CPU.Build.0 = Debug|Any CPU
		{812C4CCB-AD21-4F6C-9E08-CF91BF53CF4F}.Release|Any CPU.ActiveCfg = Release|Any CPU
		{812C4CCB-AD21-4F6C-9E08-CF91BF53CF4F}.Release|Any CPU.Build.0 = Release|Any CPU
		{DCBC08F7-4EF8-4755-BB84-25B2CBB091CD}.Debug|Any CPU.ActiveCfg = Debug|Any CPU
		{DCBC08F7-4EF8-4755-BB84-25B2CBB091CD}.Debug|Any CPU.Build.0 = Debug|Any CPU
		{DCBC08F7-4EF8-4755-BB84-25B2CBB091CD}.Release|Any CPU.ActiveCfg = Release|Any CPU
		{DCBC08F7-4EF8-4755-BB84-25B2CBB091CD}.Release|Any CPU.Build.0 = Release|Any CPU
		{D424EE2D-21FC-4A96-A617-07A4FCBC833A}.Debug|Any CPU.ActiveCfg = Debug|Any CPU
		{D424EE2D-21FC-4A96-A617-07A4FCBC833A}.Debug|Any CPU.Build.0 = Debug|Any CPU
		{D424EE2D-21FC-4A96-A617-07A4FCBC833A}.Release|Any CPU.ActiveCfg = Release|Any CPU
		{D424EE2D-21FC-4A96-A617-07A4FCBC833A}.Release|Any CPU.Build.0 = Release|Any CPU
		{59DD92A6-428D-457C-BF89-CB3CD2F85866}.Debug|Any CPU.ActiveCfg = Debug|Any CPU
		{59DD92A6-428D-457C-BF89-CB3CD2F85866}.Debug|Any CPU.Build.0 = Debug|Any CPU
		{59DD92A6-428D-457C-BF89-CB3CD2F85866}.Release|Any CPU.ActiveCfg = Release|Any CPU
		{59DD92A6-428D-457C-BF89-CB3CD2F85866}.Release|Any CPU.Build.0 = Release|Any CPU
		{3EA0CCCB-9988-49AA-9C59-DBFA82B5D59F}.Debug|Any CPU.ActiveCfg = Debug|Any CPU
		{3EA0CCCB-9988-49AA-9C59-DBFA82B5D59F}.Debug|Any CPU.Build.0 = Debug|Any CPU
		{3EA0CCCB-9988-49AA-9C59-DBFA82B5D59F}.Release|Any CPU.ActiveCfg = Release|Any CPU
		{3EA0CCCB-9988-49AA-9C59-DBFA82B5D59F}.Release|Any CPU.Build.0 = Release|Any CPU
		{A728742F-3AAA-4AC4-B1A5-EAE0C3E55EF7}.Debug|Any CPU.ActiveCfg = Debug|Any CPU
		{A728742F-3AAA-4AC4-B1A5-EAE0C3E55EF7}.Debug|Any CPU.Build.0 = Debug|Any CPU
		{A728742F-3AAA-4AC4-B1A5-EAE0C3E55EF7}.Release|Any CPU.ActiveCfg = Release|Any CPU
		{A728742F-3AAA-4AC4-B1A5-EAE0C3E55EF7}.Release|Any CPU.Build.0 = Release|Any CPU
	EndGlobalSection
	GlobalSection(SolutionProperties) = preSolution
		HideSolutionNode = FALSE
	EndGlobalSection
	GlobalSection(NestedProjects) = preSolution
		{812C4CCB-AD21-4F6C-9E08-CF91BF53CF4F} = {F21CE8DA-3DAA-4732-8B6B-24C28E2E7D13}
		{DCBC08F7-4EF8-4755-BB84-25B2CBB091CD} = {F21CE8DA-3DAA-4732-8B6B-24C28E2E7D13}
		{D424EE2D-21FC-4A96-A617-07A4FCBC833A} = {F21CE8DA-3DAA-4732-8B6B-24C28E2E7D13}
		{59DD92A6-428D-457C-BF89-CB3CD2F85866} = {F21CE8DA-3DAA-4732-8B6B-24C28E2E7D13}
		{3EA0CCCB-9988-49AA-9C59-DBFA82B5D59F} = {F21CE8DA-3DAA-4732-8B6B-24C28E2E7D13}
		{F21CE8DA-3DAA-4732-8B6B-24C28E2E7D13} = {27BC5AF5-4207-4F89-AA4F-DD1215C44FAB}
		{A728742F-3AAA-4AC4-B1A5-EAE0C3E55EF7} = {1F68C3D0-4E07-4A42-9103-3B7941D28690}
	EndGlobalSection
	GlobalSection(ExtensibilityGlobals) = postSolution
		SolutionGuid = {ACA27D29-11E7-444A-9A1E-880DE6B6DBC0}
	EndGlobalSection
EndGlobal
